<?xml version="1.0" encoding="utf-8"?>
<Project ToolsVersion="4.0" xmlns="http://schemas.microsoft.com/developer/msbuild/2003">
  <ItemGroup>
    <Filter Include="Source Files">
      <UniqueIdentifier>{4FC737F1-C7A5-4376-A066-2A32D752A2FF}</UniqueIdentifier>
      <Extensions>cpp;c;cc;cxx;c++;cppm;ixx;def;odl;idl;hpj;bat;asm;asmx</Extensions>
    </Filter>
    <Filter Include="Header Files">
      <UniqueIdentifier>{93995380-89BD-4b04-88EB-625FBE52EBFB}</UniqueIdentifier>
      <Extensions>h;hh;hpp;hxx;h++;hm;inl;inc;ipp;xsd</Extensions>
    </Filter>
    <Filter Include="Resource Files">
      <UniqueIdentifier>{67DA6AB6-F800-4c08-8B7A-83BB121AAD01}</UniqueIdentifier>
      <Extensions>rc;ico;cur;bmp;dlg;rc2;rct;bin;rgs;gif;jpg;jpeg;jpe;resx;tiff;tif;png;wav;mfcribbon-ms</Extensions>
    </Filter>
  </ItemGroup>
  <ItemGroup>
    <ClCompile Include="gmsrc_1_21\src\binds\gmArrayLib.cpp">
      <Filter>Source Files</Filter>
    </ClCompile>
    <ClCompile Include="gmsrc_1_21\src\binds\gmCallScript.cpp">
      <Filter>Source Files</Filter>
    </ClCompile>
    <ClCompile Include="gmsrc_1_21\src\binds\gmHelpers.cpp">
      <Filter>Source Files</Filter>
    </ClCompile>
    <ClCompile Include="gmsrc_1_21\src\binds\gmMathLib.cpp">
      <Filter>Source Files</Filter>
    </ClCompile>
    <ClCompile Include="gmsrc_1_21\src\binds\gmStringLib.cpp">
      <Filter>Source Files</Filter>
    </ClCompile>
    <ClCompile Include="gmsrc_1_21\src\binds\gmSystemLib.cpp">
      <Filter>Source Files</Filter>
    </ClCompile>
    <ClCompile Include="gmsrc_1_21\src\binds\gmVector3Lib.cpp">
      <Filter>Source Files</Filter>
    </ClCompile>
    <ClCompile Include="gmsrc_1_21\src\gm\gmArrayComplex.cpp">
      <Filter>Source Files</Filter>
    </ClCompile>
    <ClCompile Include="gmsrc_1_21\src\gm\gmArraySimple.cpp">
      <Filter>Source Files</Filter>
    </ClCompile>
    <ClCompile Include="gmsrc_1_21\src\gm\gmByteCode.cpp">
      <Filter>Source Files</Filter>
    </ClCompile>
    <ClCompile Include="gmsrc_1_21\src\gm\gmByteCodeGen.cpp">
      <Filter>Source Files</Filter>
    </ClCompile>
    <ClCompile Include="gmsrc_1_21\src\gm\gmCodeGen.cpp">
      <Filter>Source Files</Filter>
    </ClCompile>
    <ClCompile Include="gmsrc_1_21\src\gm\gmCodeGenHooks.cpp">
      <Filter>Source Files</Filter>
    </ClCompile>
    <ClCompile Include="gmsrc_1_21\src\gm\gmCodeTree.cpp">
      <Filter>Source Files</Filter>
    </ClCompile>
    <ClCompile Include="gmsrc_1_21\src\gm\gmCrc.cpp">
      <Filter>Source Files</Filter>
    </ClCompile>
    <ClCompile Include="gmsrc_1_21\src\gm\gmDebug.cpp">
      <Filter>Source Files</Filter>
    </ClCompile>
    <ClCompile Include="gmsrc_1_21\src\gm\gmFunctionObject.cpp">
      <Filter>Source Files</Filter>
    </ClCompile>
    <ClCompile Include="gmsrc_1_21\src\gm\gmHash.cpp">
      <Filter>Source Files</Filter>
    </ClCompile>
    <ClCompile Include="gmsrc_1_21\src\gm\gmIncGC.cpp">
      <Filter>Source Files</Filter>
    </ClCompile>
    <ClCompile Include="gmsrc_1_21\src\gm\gmLibHooks.cpp">
      <Filter>Source Files</Filter>
    </ClCompile>
    <ClCompile Include="gmsrc_1_21\src\gm\gmListDouble.cpp">
      <Filter>Source Files</Filter>
    </ClCompile>
    <ClCompile Include="gmsrc_1_21\src\gm\gmLog.cpp">
      <Filter>Source Files</Filter>
    </ClCompile>
    <ClCompile Include="gmsrc_1_21\src\gm\gmMachine.cpp">
      <Filter>Source Files</Filter>
    </ClCompile>
    <ClCompile Include="gmsrc_1_21\src\gm\gmMachineLib.cpp">
      <Filter>Source Files</Filter>
    </ClCompile>
    <ClCompile Include="gmsrc_1_21\src\gm\gmMem.cpp">
      <Filter>Source Files</Filter>
    </ClCompile>
    <ClCompile Include="gmsrc_1_21\src\gm\gmMemChain.cpp">
      <Filter>Source Files</Filter>
    </ClCompile>
    <ClCompile Include="gmsrc_1_21\src\gm\gmMemFixed.cpp">
      <Filter>Source Files</Filter>
    </ClCompile>
    <ClCompile Include="gmsrc_1_21\src\gm\gmMemFixedSet.cpp">
      <Filter>Source Files</Filter>
    </ClCompile>
    <ClCompile Include="gmsrc_1_21\src\gm\gmOperators.cpp">
      <Filter>Source Files</Filter>
    </ClCompile>
    <ClCompile Include="gmsrc_1_21\src\gm\gmParser.cpp">
      <Filter>Source Files</Filter>
    </ClCompile>
    <ClCompile Include="gmsrc_1_21\src\gm\gmScanner.cpp">
      <Filter>Source Files</Filter>
    </ClCompile>
    <ClCompile Include="gmsrc_1_21\src\gm\gmStream.cpp">
      <Filter>Source Files</Filter>
    </ClCompile>
    <ClCompile Include="gmsrc_1_21\src\gm\gmStreamBuffer.cpp">
      <Filter>Source Files</Filter>
    </ClCompile>
    <ClCompile Include="gmsrc_1_21\src\gm\gmStringObject.cpp">
      <Filter>Source Files</Filter>
    </ClCompile>
    <ClCompile Include="gmsrc_1_21\src\gm\gmTableObject.cpp">
      <Filter>Source Files</Filter>
    </ClCompile>
    <ClCompile Include="gmsrc_1_21\src\gm\gmThread.cpp">
      <Filter>Source Files</Filter>
    </ClCompile>
    <ClCompile Include="gmsrc_1_21\src\gm\gmUserObject.cpp">
      <Filter>Source Files</Filter>
    </ClCompile>
    <ClCompile Include="gmsrc_1_21\src\gm\gmUtil.cpp">
      <Filter>Source Files</Filter>
    </ClCompile>
    <ClCompile Include="gmsrc_1_21\src\gm\gmVariable.cpp">
      <Filter>Source Files</Filter>
    </ClCompile>
  </ItemGroup>
  <ItemGroup>
    <ClInclude Include="gmsrc_1_21\src\binds\gmArrayLib.h">
      <Filter>Header Files</Filter>
    </ClInclude>
    <ClInclude Include="gmsrc_1_21\src\binds\gmCallScript.h">
      <Filter>Header Files</Filter>
    </ClInclude>
    <ClInclude Include="gmsrc_1_21\src\binds\gmHelpers.h">
      <Filter>Header Files</Filter>
    </ClInclude>
    <ClInclude Include="gmsrc_1_21\src\binds\gmMathLib.h">
      <Filter>Header Files</Filter>
    </ClInclude>
    <ClInclude Include="gmsrc_1_21\src\binds\gmStringLib.h">
      <Filter>Header Files</Filter>
    </ClInclude>
    <ClInclude Include="gmsrc_1_21\src\binds\gmSystemLib.h">
      <Filter>Header Files</Filter>
    </ClInclude>
    <ClInclude Include="gmsrc_1_21\src\binds\gmVector3Lib.h">
      <Filter>Header Files</Filter>
    </ClInclude>
    <ClInclude Include="gmsrc_1_21\src\gm\gmArrayComplex.h">
      <Filter>Header Files</Filter>
    </ClInclude>
    <ClInclude Include="gmsrc_1_21\src\gm\gmArraySimple.h">
      <Filter>Header Files</Filter>
    </ClInclude>
    <ClInclude Include="gmsrc_1_21\src\gm\gmByteCode.h">
      <Filter>Header Files</Filter>
    </ClInclude>
    <ClInclude Include="gmsrc_1_21\src\gm\gmByteCodeGen.h">
      <Filter>Header Files</Filter>
    </ClInclude>
    <ClInclude Include="gmsrc_1_21\src\gm\gmCodeGen.h">
      <Filter>Header Files</Filter>
    </ClInclude>
    <ClInclude Include="gmsrc_1_21\src\gm\gmCodeGenHooks.h">
      <Filter>Header Files</Filter>
    </ClInclude>
    <ClInclude Include="gmsrc_1_21\src\gm\gmCodeTree.h">
      <Filter>Header Files</Filter>
    </ClInclude>
    <ClInclude Include="gmsrc_1_21\src\gm\gmConfig.h">
      <Filter>Header Files</Filter>
    </ClInclude>
    <ClInclude Include="gmsrc_1_21\src\gm\gmCrc.h">
      <Filter>Header Files</Filter>
    </ClInclude>
    <ClInclude Include="gmsrc_1_21\src\gm\gmDebug.h">
      <Filter>Header Files</Filter>
    </ClInclude>
    <ClInclude Include="gmsrc_1_21\src\gm\gmFunctionObject.h">
      <Filter>Header Files</Filter>
    </ClInclude>
    <ClInclude Include="gmsrc_1_21\src\gm\gmHash.h">
      <Filter>Header Files</Filter>
    </ClInclude>
    <ClInclude Include="gmsrc_1_21\src\gm\gmIncGC.h">
      <Filter>Header Files</Filter>
    </ClInclude>
    <ClInclude Include="gmsrc_1_21\src\gm\gmIterator.h">
      <Filter>Header Files</Filter>
    </ClInclude>
    <ClInclude Include="gmsrc_1_21\src\gm\gmLibHooks.h">
      <Filter>Header Files</Filter>
    </ClInclude>
    <ClInclude Include="gmsrc_1_21\src\gm\gmListDouble.h">
      <Filter>Header Files</Filter>
    </ClInclude>
    <ClInclude Include="gmsrc_1_21\src\gm\gmLog.h">
      <Filter>Header Files</Filter>
    </ClInclude>
    <ClInclude Include="gmsrc_1_21\src\gm\gmMachine.h">
      <Filter>Header Files</Filter>
    </ClInclude>
    <ClInclude Include="gmsrc_1_21\src\gm\gmMachineLib.h">
      <Filter>Header Files</Filter>
    </ClInclude>
    <ClInclude Include="gmsrc_1_21\src\gm\gmMem.h">
      <Filter>Header Files</Filter>
    </ClInclude>
    <ClInclude Include="gmsrc_1_21\src\gm\gmMemChain.h">
      <Filter>Header Files</Filter>
    </ClInclude>
    <ClInclude Include="gmsrc_1_21\src\gm\gmMemFixed.h">
      <Filter>Header Files</Filter>
    </ClInclude>
    <ClInclude Include="gmsrc_1_21\src\gm\gmMemFixedSet.h">
      <Filter>Header Files</Filter>
    </ClInclude>
    <ClInclude Include="gmsrc_1_21\src\gm\gmOperators.h">
      <Filter>Header Files</Filter>
    </ClInclude>
    <ClInclude Include="gmsrc_1_21\src\gm\gmParser.cpp.h">
      <Filter>Header Files</Filter>
    </ClInclude>
    <ClInclude Include="gmsrc_1_21\src\gm\gmScanner.h">
      <Filter>Header Files</Filter>
    </ClInclude>
    <ClInclude Include="gmsrc_1_21\src\gm\gmStream.h">
      <Filter>Header Files</Filter>
    </ClInclude>
    <ClInclude Include="gmsrc_1_21\src\gm\gmStreamBuffer.h">
      <Filter>Header Files</Filter>
    </ClInclude>
    <ClInclude Include="gmsrc_1_21\src\gm\gmStringObject.h">
      <Filter>Header Files</Filter>
    </ClInclude>
    <ClInclude Include="gmsrc_1_21\src\gm\gmTableObject.h">
      <Filter>Header Files</Filter>
    </ClInclude>
    <ClInclude Include="gmsrc_1_21\src\gm\gmThread.h">
      <Filter>Header Files</Filter>
    </ClInclude>
    <ClInclude Include="gmsrc_1_21\src\gm\gmUserObject.h">
      <Filter>Header Files</Filter>
    </ClInclude>
    <ClInclude Include="gmsrc_1_21\src\gm\gmUtil.h">
      <Filter>Header Files</Filter>
    </ClInclude>
    <ClInclude Include="gmsrc_1_21\src\gm\gmVariable.h">
      <Filter>Header Files</Filter>
    </ClInclude>
    <ClInclude Include="gmsrc_1_21\src\platform\ps2cw\gmConfig_p.h">
      <Filter>Header Files</Filter>
    </ClInclude>
    <ClInclude Include="gmsrc_1_21\src\platform\win32\gmConfig_p.h">
      <Filter>Header Files</Filter>
    </ClInclude>
  </ItemGroup>
</Project>